
Microsoft Visual Studio Solution File, Format Version 12.00
# Visual Studio 15
VisualStudioVersion = 15.0.28307.421
MinimumVisualStudioVersion = 10.0.40219.1
Project("{FAE04EC0-301F-11D3-BF4B-00C04F79EFBC}") = "notex", "notex\notex.csproj", "{8803F3BE-60E7-46CD-8FF7-A6DD2090D9F8}"
EndProject
Global
	GlobalSection(SolutionConfigurationPlatforms) = preSolution
		Debug|Any CPU = Debug|Any CPU
		Release|Any CPU = Release|Any CPU
	EndGlobalSection
	GlobalSection(ProjectConfigurationPlatforms) = postSolution
		{8803F3BE-60E7-46CD-8FF7-A6DD2090D9F8}.Debug|Any CPU.ActiveCfg = Debug|Any CPU
		{8803F3BE-60E7-46CD-8FF7-A6DD2090D9F8}.Debug|Any CPU.Build.0 = Debug|Any CPU
		{8803F3BE-60E7-46CD-8FF7-A6DD2090D9F8}.Release|Any CPU.ActiveCfg = Release|Any CPU
		{8803F3BE-60E7-46CD-8FF7-A6DD2090D9F8}.Release|Any CPU.Build.0 = Release|Any CPU
	EndGlobalSection
	GlobalSection(SolutionProperties) = preSolution
		HideSolutionNode = FALSE
	EndGlobalSection
	GlobalSection(ExtensibilityGlobals) = postSolution
		SolutionGuid = {C8D8FC40-0628-4860-BDEF-937013A2F637}
	EndGlobalSection
EndGlobal
